
Microsoft Visual Studio Solution File, Format Version 12.00
# Visual Studio 15
VisualStudioVersion = 15.0.27703.2035
MinimumVisualStudioVersion = 10.0.40219.1
Project("{FAE04EC0-301F-11D3-BF4B-00C04F79EFBC}") = "Chapter6Debugging1", "Chapter6Debugging1\Chapter6Debugging1.csproj", "{857AC104-88A9-44B8-B306-91A1B6ED2EF7}"
EndProject
Global
	GlobalSection(SolutionConfigurationPlatforms) = preSolution
		Debug|Any CPU = Debug|Any CPU
		Release|Any CPU = Release|Any CPU
	EndGlobalSection
	GlobalSection(ProjectConfigurationPlatforms) = postSolution
		{857AC104-88A9-44B8-B306-91A1B6ED2EF7}.Debug|Any CPU.ActiveCfg = Debug|Any CPU
		{857AC104-88A9-44B8-B306-91A1B6ED2EF7}.Debug|Any CPU.Build.0 = Debug|Any CPU
		{857AC104-88A9-44B8-B306-91A1B6ED2EF7}.Release|Any CPU.ActiveCfg = Release|Any CPU
		{857AC104-88A9-44B8-B306-91A1B6ED2EF7}.Release|Any CPU.Build.0 = Release|Any CPU
	EndGlobalSection
	GlobalSection(SolutionProperties) = preSolution
		HideSolutionNode = FALSE
	EndGlobalSection
	GlobalSection(ExtensibilityGlobals) = postSolution
		SolutionGuid = {A10F40BB-19D0-4360-BF86-CDD7B83E9E11}
	EndGlobalSection
EndGlobal
