
Microsoft Visual Studio Solution File, Format Version 12.00
# Visual Studio 15
VisualStudioVersion = 15.0.27703.2035
MinimumVisualStudioVersion = 10.0.40219.1
Project("{FAE04EC0-301F-11D3-BF4B-00C04F79EFBC}") = "TemperatureList", "TemperatureList\TemperatureList.csproj", "{52E9C86D-A055-468A-9890-AAD192C25A55}"
EndProject
Global
	GlobalSection(SolutionConfigurationPlatforms) = preSolution
		Debug|Any CPU = Debug|Any CPU
		Release|Any CPU = Release|Any CPU
	EndGlobalSection
	GlobalSection(ProjectConfigurationPlatforms) = postSolution
		{52E9C86D-A055-468A-9890-AAD192C25A55}.Debug|Any CPU.ActiveCfg = Debug|Any CPU
		{52E9C86D-A055-468A-9890-AAD192C25A55}.Debug|Any CPU.Build.0 = Debug|Any CPU
		{52E9C86D-A055-468A-9890-AAD192C25A55}.Release|Any CPU.ActiveCfg = Release|Any CPU
		{52E9C86D-A055-468A-9890-AAD192C25A55}.Release|Any CPU.Build.0 = Release|Any CPU
	EndGlobalSection
	GlobalSection(SolutionProperties) = preSolution
		HideSolutionNode = FALSE
	EndGlobalSection
	GlobalSection(ExtensibilityGlobals) = postSolution
		SolutionGuid = {4B39A50E-4586-4888-A39E-79D9C1B7A5AD}
	EndGlobalSection
EndGlobal
